
Microsoft Visual Studio Solution File, Format Version 12.00
# Visual Studio Version 17
VisualStudioVersion = 17.11.35303.130
MinimumVisualStudioVersion = 10.0.40219.1
Project("{FAE04EC0-301F-11D3-BF4B-00C04F79EFBC}") = "task_26", "task_26\task_26.csproj", "{AC7FD140-0E2C-44CB-803F-B0ACFED82398}"
EndProject
Global
	GlobalSection(SolutionConfigurationPlatforms) = preSolution
		Debug|Any CPU = Debug|Any CPU
		Release|Any CPU = Release|Any CPU
	EndGlobalSection
	GlobalSection(ProjectConfigurationPlatforms) = postSolution
		{AC7FD140-0E2C-44CB-803F-B0ACFED82398}.Debug|Any CPU.ActiveCfg = Debug|Any CPU
		{AC7FD140-0E2C-44CB-803F-B0ACFED82398}.Debug|Any CPU.Build.0 = Debug|Any CPU
		{AC7FD140-0E2C-44CB-803F-B0ACFED82398}.Release|Any CPU.ActiveCfg = Release|Any CPU
		{AC7FD140-0E2C-44CB-803F-B0ACFED82398}.Release|Any CPU.Build.0 = Release|Any CPU
	EndGlobalSection
	GlobalSection(SolutionProperties) = preSolution
		HideSolutionNode = FALSE
	EndGlobalSection
	GlobalSection(ExtensibilityGlobals) = postSolution
		SolutionGuid = {FDB1E4B4-BCD0-43F0-84F5-527C5F19860F}
	EndGlobalSection
EndGlobal
