
Microsoft Visual Studio Solution File, Format Version 12.00
# Visual Studio Version 17
VisualStudioVersion = 17.11.35303.130
MinimumVisualStudioVersion = 10.0.40219.1
Project("{FAE04EC0-301F-11D3-BF4B-00C04F79EFBC}") = "task_29", "task_29\task_29.csproj", "{2888554A-9664-4A8D-AB9E-0FCF9EE2F761}"
EndProject
Global
	GlobalSection(SolutionConfigurationPlatforms) = preSolution
		Debug|Any CPU = Debug|Any CPU
		Release|Any CPU = Release|Any CPU
	EndGlobalSection
	GlobalSection(ProjectConfigurationPlatforms) = postSolution
		{2888554A-9664-4A8D-AB9E-0FCF9EE2F761}.Debug|Any CPU.ActiveCfg = Debug|Any CPU
		{2888554A-9664-4A8D-AB9E-0FCF9EE2F761}.Debug|Any CPU.Build.0 = Debug|Any CPU
		{2888554A-9664-4A8D-AB9E-0FCF9EE2F761}.Release|Any CPU.ActiveCfg = Release|Any CPU
		{2888554A-9664-4A8D-AB9E-0FCF9EE2F761}.Release|Any CPU.Build.0 = Release|Any CPU
	EndGlobalSection
	GlobalSection(SolutionProperties) = preSolution
		HideSolutionNode = FALSE
	EndGlobalSection
	GlobalSection(ExtensibilityGlobals) = postSolution
		SolutionGuid = {8E9CF995-80B5-4210-B4C5-72E8D61F5329}
	EndGlobalSection
EndGlobal
