
Microsoft Visual Studio Solution File, Format Version 12.00
# Visual Studio Version 17
VisualStudioVersion = 17.11.35303.130
MinimumVisualStudioVersion = 10.0.40219.1
Project("{FAE04EC0-301F-11D3-BF4B-00C04F79EFBC}") = "task_22", "task_22\task_22.csproj", "{8C4BC516-A66A-408B-8781-B003BEECBF62}"
EndProject
Project("{FAE04EC0-301F-11D3-BF4B-00C04F79EFBC}") = "Mylib", "Mylib\Mylib.csproj", "{B26F8D23-9400-495B-AE6E-51ECA7B448ED}"
EndProject
Global
	GlobalSection(SolutionConfigurationPlatforms) = preSolution
		Debug|Any CPU = Debug|Any CPU
		Release|Any CPU = Release|Any CPU
	EndGlobalSection
	GlobalSection(ProjectConfigurationPlatforms) = postSolution
		{8C4BC516-A66A-408B-8781-B003BEECBF62}.Debug|Any CPU.ActiveCfg = Debug|Any CPU
		{8C4BC516-A66A-408B-8781-B003BEECBF62}.Debug|Any CPU.Build.0 = Debug|Any CPU
		{8C4BC516-A66A-408B-8781-B003BEECBF62}.Release|Any CPU.ActiveCfg = Release|Any CPU
		{8C4BC516-A66A-408B-8781-B003BEECBF62}.Release|Any CPU.Build.0 = Release|Any CPU
		{B26F8D23-9400-495B-AE6E-51ECA7B448ED}.Debug|Any CPU.ActiveCfg = Debug|Any CPU
		{B26F8D23-9400-495B-AE6E-51ECA7B448ED}.Debug|Any CPU.Build.0 = Debug|Any CPU
		{B26F8D23-9400-495B-AE6E-51ECA7B448ED}.Release|Any CPU.ActiveCfg = Release|Any CPU
		{B26F8D23-9400-495B-AE6E-51ECA7B448ED}.Release|Any CPU.Build.0 = Release|Any CPU
	EndGlobalSection
	GlobalSection(SolutionProperties) = preSolution
		HideSolutionNode = FALSE
	EndGlobalSection
	GlobalSection(ExtensibilityGlobals) = postSolution
		SolutionGuid = {77A274DB-259D-47A9-B58C-4FC647843ECC}
	EndGlobalSection
EndGlobal
