
Microsoft Visual Studio Solution File, Format Version 12.00
# Visual Studio Version 17
VisualStudioVersion = 17.11.35303.130
MinimumVisualStudioVersion = 10.0.40219.1
Project("{FAE04EC0-301F-11D3-BF4B-00C04F79EFBC}") = "task_16", "task_16.csproj", "{04172CBE-D338-43CE-A77E-80A68E54DC87}"
EndProject
Global
	GlobalSection(SolutionConfigurationPlatforms) = preSolution
		Debug|Any CPU = Debug|Any CPU
		Release|Any CPU = Release|Any CPU
	EndGlobalSection
	GlobalSection(ProjectConfigurationPlatforms) = postSolution
		{04172CBE-D338-43CE-A77E-80A68E54DC87}.Debug|Any CPU.ActiveCfg = Debug|Any CPU
		{04172CBE-D338-43CE-A77E-80A68E54DC87}.Debug|Any CPU.Build.0 = Debug|Any CPU
		{04172CBE-D338-43CE-A77E-80A68E54DC87}.Release|Any CPU.ActiveCfg = Release|Any CPU
		{04172CBE-D338-43CE-A77E-80A68E54DC87}.Release|Any CPU.Build.0 = Release|Any CPU
	EndGlobalSection
	GlobalSection(SolutionProperties) = preSolution
		HideSolutionNode = FALSE
	EndGlobalSection
	GlobalSection(ExtensibilityGlobals) = postSolution
		SolutionGuid = {F26B6C92-1068-4C17-A139-B12070F7EB3C}
	EndGlobalSection
EndGlobal
